
Microsoft Visual Studio Solution File, Format Version 12.00
# Visual Studio 15
VisualStudioVersion = 15.0.27703.2042
MinimumVisualStudioVersion = 10.0.40219.1
Project("{FAE04EC0-301F-11D3-BF4B-00C04F79EFBC}") = "CustomIoCContainer", "CustomIoCContainer\CustomIoCContainer.csproj", "{16926A04-21C6-4A27-963A-172A218F5B2D}"
EndProject
Project("{FAE04EC0-301F-11D3-BF4B-00C04F79EFBC}") = "IoCClient", "IoCClient\IoCClient.csproj", "{C9F7BFF1-CBD2-4332-9083-299D653D5594}"
EndProject
Project("{FAE04EC0-301F-11D3-BF4B-00C04F79EFBC}") = "MovieFinder", "MovieFinder\MovieFinder.csproj", "{318645E0-3E5D-474F-A895-30F87DA99571}"
EndProject
Global
	GlobalSection(SolutionConfigurationPlatforms) = preSolution
		Debug|Any CPU = Debug|Any CPU
		Release|Any CPU = Release|Any CPU
	EndGlobalSection
	GlobalSection(ProjectConfigurationPlatforms) = postSolution
		{16926A04-21C6-4A27-963A-172A218F5B2D}.Debug|Any CPU.ActiveCfg = Debug|Any CPU
		{16926A04-21C6-4A27-963A-172A218F5B2D}.Debug|Any CPU.Build.0 = Debug|Any CPU
		{16926A04-21C6-4A27-963A-172A218F5B2D}.Release|Any CPU.ActiveCfg = Release|Any CPU
		{16926A04-21C6-4A27-963A-172A218F5B2D}.Release|Any CPU.Build.0 = Release|Any CPU
		{C9F7BFF1-CBD2-4332-9083-299D653D5594}.Debug|Any CPU.ActiveCfg = Debug|Any CPU
		{C9F7BFF1-CBD2-4332-9083-299D653D5594}.Debug|Any CPU.Build.0 = Debug|Any CPU
		{C9F7BFF1-CBD2-4332-9083-299D653D5594}.Release|Any CPU.ActiveCfg = Release|Any CPU
		{C9F7BFF1-CBD2-4332-9083-299D653D5594}.Release|Any CPU.Build.0 = Release|Any CPU
		{318645E0-3E5D-474F-A895-30F87DA99571}.Debug|Any CPU.ActiveCfg = Debug|Any CPU
		{318645E0-3E5D-474F-A895-30F87DA99571}.Debug|Any CPU.Build.0 = Debug|Any CPU
		{318645E0-3E5D-474F-A895-30F87DA99571}.Release|Any CPU.ActiveCfg = Release|Any CPU
		{318645E0-3E5D-474F-A895-30F87DA99571}.Release|Any CPU.Build.0 = Release|Any CPU
	EndGlobalSection
	GlobalSection(SolutionProperties) = preSolution
		HideSolutionNode = FALSE
	EndGlobalSection
	GlobalSection(ExtensibilityGlobals) = postSolution
		SolutionGuid = {40C7F083-8DDF-4E99-B50C-DE0225181C68}
	EndGlobalSection
EndGlobal
